
Microsoft Visual Studio Solution File, Format Version 12.00
# Visual Studio Version 17
VisualStudioVersion = 17.1.32210.238
MinimumVisualStudioVersion = 10.0.40219.1
Project("{FAE04EC0-301F-11D3-BF4B-00C04F79EFBC}") = "TreesVisitor", "TreesVisitor\TreesVisitor.csproj", "{3319C676-6E19-468A-B388-487BE6E79F74}"
EndProject
Global
	GlobalSection(SolutionConfigurationPlatforms) = preSolution
		Debug|Any CPU = Debug|Any CPU
		Release|Any CPU = Release|Any CPU
	EndGlobalSection
	GlobalSection(ProjectConfigurationPlatforms) = postSolution
		{3319C676-6E19-468A-B388-487BE6E79F74}.Debug|Any CPU.ActiveCfg = Debug|Any CPU
		{3319C676-6E19-468A-B388-487BE6E79F74}.Debug|Any CPU.Build.0 = Debug|Any CPU
		{3319C676-6E19-468A-B388-487BE6E79F74}.Release|Any CPU.ActiveCfg = Release|Any CPU
		{3319C676-6E19-468A-B388-487BE6E79F74}.Release|Any CPU.Build.0 = Release|Any CPU
	EndGlobalSection
	GlobalSection(SolutionProperties) = preSolution
		HideSolutionNode = FALSE
	EndGlobalSection
	GlobalSection(ExtensibilityGlobals) = postSolution
		SolutionGuid = {4BAFAD0C-14A2-4ED5-80FA-CB3D6801A7DA}
	EndGlobalSection
EndGlobal
